// !$*UTF8*$!
{
	archiveVersion = 1;
	classes = {
	};
	objectVersion = 55;
	objects = {

/* Begin PBXBuildFile section */
		590D8DA827390A03005FB6AB /* ExportTest.swift in Sources */ = {isa = PBXBuildFile; fileRef = 590D8DA727390A03005FB6AB /* ExportTest.swift */; };
		590D8DAC273911FD005FB6AB /* RunCommands.swift in Sources */ = {isa = PBXBuildFile; fileRef = 590D8DAB273911FD005FB6AB /* RunCommands.swift */; };
		59578ECE273A974600A3FA59 /* Store.swift in Sources */ = {isa = PBXBuildFile; fileRef = 59578ECD273A974600A3FA59 /* Store.swift */; };
		59756B702732C5C7000D8752 /* RealModelApp.swift in Sources */ = {isa = PBXBuildFile; fileRef = 59756B6F2732C5C7000D8752 /* RealModelApp.swift */; };
		59756B722732C5C7000D8752 /* ContentView.swift in Sources */ = {isa = PBXBuildFile; fileRef = 59756B712732C5C7000D8752 /* ContentView.swift */; };
		59756B742732C5C8000D8752 /* Assets.xcassets in Resources */ = {isa = PBXBuildFile; fileRef = 59756B732732C5C8000D8752 /* Assets.xcassets */; };
		59756B772732C5C8000D8752 /* Preview Assets.xcassets in Resources */ = {isa = PBXBuildFile; fileRef = 59756B762732C5C8000D8752 /* Preview Assets.xcassets */; };
		59756B7F2732C5EC000D8752 /* DropView.swift in Sources */ = {isa = PBXBuildFile; fileRef = 59756B7E2732C5EC000D8752 /* DropView.swift */; };
		59756B8127341583000D8752 /* ThumbnailView.swift in Sources */ = {isa = PBXBuildFile; fileRef = 59756B8027341583000D8752 /* ThumbnailView.swift */; };
		59F8188927341AB9004E62B9 /* ThumbnailGrid.swift in Sources */ = {isa = PBXBuildFile; fileRef = 59F8188827341AB9004E62B9 /* ThumbnailGrid.swift */; };
		59F818902738DA94004E62B9 /* PhotogrammetrySessionSetting.swift in Sources */ = {isa = PBXBuildFile; fileRef = 59F8188F2738DA94004E62B9 /* PhotogrammetrySessionSetting.swift */; };
		59F818922738DBA5004E62B9 /* SettingView.swift in Sources */ = {isa = PBXBuildFile; fileRef = 59F818912738DBA5004E62B9 /* SettingView.swift */; };
		59F818952738EA3A004E62B9 /* RunButton.swift in Sources */ = {isa = PBXBuildFile; fileRef = 59F818942738EA3A004E62B9 /* RunButton.swift */; };
		59F8189727390029004E62B9 /* USDZDocument.swift in Sources */ = {isa = PBXBuildFile; fileRef = 59F8189627390029004E62B9 /* USDZDocument.swift */; };
/* End PBXBuildFile section */

/* Begin PBXFileReference section */
		590D8DA727390A03005FB6AB /* ExportTest.swift */ = {isa = PBXFileReference; lastKnownFileType = sourcecode.swift; path = ExportTest.swift; sourceTree = "<group>"; };
		590D8DAB273911FD005FB6AB /* RunCommands.swift */ = {isa = PBXFileReference; lastKnownFileType = sourcecode.swift; path = RunCommands.swift; sourceTree = "<group>"; };
		59578ECD273A974600A3FA59 /* Store.swift */ = {isa = PBXFileReference; lastKnownFileType = sourcecode.swift; path = Store.swift; sourceTree = "<group>"; };
		59756B6C2732C5C7000D8752 /* RealModel.app */ = {isa = PBXFileReference; explicitFileType = wrapper.application; includeInIndex = 0; path = RealModel.app; sourceTree = BUILT_PRODUCTS_DIR; };
		59756B6F2732C5C7000D8752 /* RealModelApp.swift */ = {isa = PBXFileReference; lastKnownFileType = sourcecode.swift; path = RealModelApp.swift; sourceTree = "<group>"; };
		59756B712732C5C7000D8752 /* ContentView.swift */ = {isa = PBXFileReference; lastKnownFileType = sourcecode.swift; path = ContentView.swift; sourceTree = "<group>"; };
		59756B732732C5C8000D8752 /* Assets.xcassets */ = {isa = PBXFileReference; lastKnownFileType = folder.assetcatalog; path = Assets.xcassets; sourceTree = "<group>"; };
		59756B762732C5C8000D8752 /* Preview Assets.xcassets */ = {isa = PBXFileReference; lastKnownFileType = folder.assetcatalog; path = "Preview Assets.xcassets"; sourceTree = "<group>"; };
		59756B782732C5C8000D8752 /* RealModel.entitlements */ = {isa = PBXFileReference; lastKnownFileType = text.plist.entitlements; path = RealModel.entitlements; sourceTree = "<group>"; };
		59756B7E2732C5EC000D8752 /* DropView.swift */ = {isa = PBXFileReference; lastKnownFileType = sourcecode.swift; path = DropView.swift; sourceTree = "<group>"; };
		59756B8027341583000D8752 /* ThumbnailView.swift */ = {isa = PBXFileReference; lastKnownFileType = sourcecode.swift; path = ThumbnailView.swift; sourceTree = "<group>"; };
		59F8188827341AB9004E62B9 /* ThumbnailGrid.swift */ = {isa = PBXFileReference; lastKnownFileType = sourcecode.swift; path = ThumbnailGrid.swift; sourceTree = "<group>"; };
		59F8188F2738DA94004E62B9 /* PhotogrammetrySessionSetting.swift */ = {isa = PBXFileReference; lastKnownFileType = sourcecode.swift; path = PhotogrammetrySessionSetting.swift; sourceTree = "<group>"; };
		59F818912738DBA5004E62B9 /* SettingView.swift */ = {isa = PBXFileReference; lastKnownFileType = sourcecode.swift; path = SettingView.swift; sourceTree = "<group>"; };
		59F818942738EA3A004E62B9 /* RunButton.swift */ = {isa = PBXFileReference; lastKnownFileType = sourcecode.swift; path = RunButton.swift; sourceTree = "<group>"; };
		59F8189627390029004E62B9 /* USDZDocument.swift */ = {isa = PBXFileReference; lastKnownFileType = sourcecode.swift; path = USDZDocument.swift; sourceTree = "<group>"; };
/* End PBXFileReference section */

/* Begin PBXFrameworksBuildPhase section */
		59756B692732C5C7000D8752 /* Frameworks */ = {
			isa = PBXFrameworksBuildPhase;
			buildActionMask = 2147483647;
			files = (
			);
			runOnlyForDeploymentPostprocessing = 0;
		};
/* End PBXFrameworksBuildPhase section */

/* Begin PBXGroup section */
		590D8DA92739107D005FB6AB /* Test */ = {
			isa = PBXGroup;
			children = (
				590D8DA727390A03005FB6AB /* ExportTest.swift */,
			);
			path = Test;
			sourceTree = "<group>";
		};
		590D8DAA273911F2005FB6AB /* Menu */ = {
			isa = PBXGroup;
			children = (
				590D8DAB273911FD005FB6AB /* RunCommands.swift */,
			);
			path = Menu;
			sourceTree = "<group>";
		};
		59756B632732C5C7000D8752 = {
			isa = PBXGroup;
			children = (
				59756B6E2732C5C7000D8752 /* RealModel */,
				59756B6D2732C5C7000D8752 /* Products */,
			);
			sourceTree = "<group>";
		};
		59756B6D2732C5C7000D8752 /* Products */ = {
			isa = PBXGroup;
			children = (
				59756B6C2732C5C7000D8752 /* RealModel.app */,
			);
			name = Products;
			sourceTree = "<group>";
		};
		59756B6E2732C5C7000D8752 /* RealModel */ = {
			isa = PBXGroup;
			children = (
				590D8DAA273911F2005FB6AB /* Menu */,
				59F818932738E96E004E62B9 /* View */,
				59F8188E2738DA75004E62B9 /* Scene */,
				59756B6F2732C5C7000D8752 /* RealModelApp.swift */,
				59578ECD273A974600A3FA59 /* Store.swift */,
				59F8189627390029004E62B9 /* USDZDocument.swift */,
				59756B712732C5C7000D8752 /* ContentView.swift */,
				59756B732732C5C8000D8752 /* Assets.xcassets */,
				59756B782732C5C8000D8752 /* RealModel.entitlements */,
				59756B752732C5C8000D8752 /* Preview Content */,
			);
			path = RealModel;
			sourceTree = "<group>";
		};
		59756B752732C5C8000D8752 /* Preview Content */ = {
			isa = PBXGroup;
			children = (
				59756B762732C5C8000D8752 /* Preview Assets.xcassets */,
			);
			path = "Preview Content";
			sourceTree = "<group>";
		};
		59F8188E2738DA75004E62B9 /* Scene */ = {
			isa = PBXGroup;
			children = (
				59F8188F2738DA94004E62B9 /* PhotogrammetrySessionSetting.swift */,
				59F818912738DBA5004E62B9 /* SettingView.swift */,
			);
			path = Scene;
			sourceTree = "<group>";
		};
		59F818932738E96E004E62B9 /* View */ = {
			isa = PBXGroup;
			children = (
				590D8DA92739107D005FB6AB /* Test */,
				59F8188827341AB9004E62B9 /* ThumbnailGrid.swift */,
				59756B7E2732C5EC000D8752 /* DropView.swift */,
				59756B8027341583000D8752 /* ThumbnailView.swift */,
				59F818942738EA3A004E62B9 /* RunButton.swift */,
			);
			path = View;
			sourceTree = "<group>";
		};
/* End PBXGroup section */

/* Begin PBXNativeTarget section */
		59756B6B2732C5C7000D8752 /* RealModel */ = {
			isa = PBXNativeTarget;
			buildConfigurationList = 59756B7B2732C5C8000D8752 /* Build configuration list for PBXNativeTarget "RealModel" */;
			buildPhases = (
				59756B682732C5C7000D8752 /* Sources */,
				59756B692732C5C7000D8752 /* Frameworks */,
				59756B6A2732C5C7000D8752 /* Resources */,
			);
			buildRules = (
			);
			dependencies = (
			);
			name = RealModel;
			productName = RealModel;
			productReference = 59756B6C2732C5C7000D8752 /* RealModel.app */;
			productType = "com.apple.product-type.application";
		};
/* End PBXNativeTarget section */

/* Begin PBXProject section */
		59756B642732C5C7000D8752 /* Project object */ = {
			isa = PBXProject;
			attributes = {
				BuildIndependentTargetsInParallel = 1;
				LastSwiftUpdateCheck = 1310;
				LastUpgradeCheck = 1310;
				TargetAttributes = {
					59756B6B2732C5C7000D8752 = {
						CreatedOnToolsVersion = 13.1;
					};
				};
			};
			buildConfigurationList = 59756B672732C5C7000D8752 /* Build configuration list for PBXProject "RealModel" */;
			compatibilityVersion = "Xcode 13.0";
			developmentRegion = en;
			hasScannedForEncodings = 0;
			knownRegions = (
				en,
				Base,
			);
			mainGroup = 59756B632732C5C7000D8752;
			productRefGroup = 59756B6D2732C5C7000D8752 /* Products */;
			projectDirPath = "";
			projectRoot = "";
			targets = (
				59756B6B2732C5C7000D8752 /* RealModel */,
			);
		};
/* End PBXProject section */

/* Begin PBXResourcesBuildPhase section */
		59756B6A2732C5C7000D8752 /* Resources */ = {
			isa = PBXResourcesBuildPhase;
			buildActionMask = 2147483647;
			files = (
				59756B772732C5C8000D8752 /* Preview Assets.xcassets in Resources */,
				59756B742732C5C8000D8752 /* Assets.xcassets in Resources */,
			);
			runOnlyForDeploymentPostprocessing = 0;
		};
/* End PBXResourcesBuildPhase section */

/* Begin PBXSourcesBuildPhase section */
		59756B682732C5C7000D8752 /* Sources */ = {
			isa = PBXSourcesBuildPhase;
			buildActionMask = 2147483647;
			files = (
				59F8188927341AB9004E62B9 /* ThumbnailGrid.swift in Sources */,
				59756B722732C5C7000D8752 /* ContentView.swift in Sources */,
				59756B8127341583000D8752 /* ThumbnailView.swift in Sources */,
				59578ECE273A974600A3FA59 /* Store.swift in Sources */,
				59F818952738EA3A004E62B9 /* RunButton.swift in Sources */,
				59F818922738DBA5004E62B9 /* SettingView.swift in Sources */,
				59756B702732C5C7000D8752 /* RealModelApp.swift in Sources */,
				59756B7F2732C5EC000D8752 /* DropView.swift in Sources */,
				590D8DAC273911FD005FB6AB /* RunCommands.swift in Sources */,
				590D8DA827390A03005FB6AB /* ExportTest.swift in Sources */,
				59F8189727390029004E62B9 /* USDZDocument.swift in Sources */,
				59F818902738DA94004E62B9 /* PhotogrammetrySessionSetting.swift in Sources */,
			);
			runOnlyForDeploymentPostprocessing = 0;
		};
/* End PBXSourcesBuildPhase section */

/* Begin XCBuildConfiguration section */
		59756B792732C5C8000D8752 /* Debug */ = {
			isa = XCBuildConfiguration;
			buildSettings = {
				ALWAYS_SEARCH_USER_PATHS = NO;
				CLANG_ANALYZER_NONNULL = YES;
				CLANG_ANALYZER_NUMBER_OBJECT_CONVERSION = YES_AGGRESSIVE;
				CLANG_CXX_LANGUAGE_STANDARD = "gnu++17";
				CLANG_CXX_LIBRARY = "libc++";
				CLANG_ENABLE_MODULES = YES;
				CLANG_ENABLE_OBJC_ARC = YES;
				CLANG_ENABLE_OBJC_WEAK = YES;
				CLANG_WARN_BLOCK_CAPTURE_AUTORELEASING = YES;
				CLANG_WARN_BOOL_CONVERSION = YES;
				CLANG_WARN_COMMA = YES;
				CLANG_WARN_CONSTANT_CONVERSION = YES;
				CLANG_WARN_DEPRECATED_OBJC_IMPLEMENTATIONS = YES;
				CLANG_WARN_DIRECT_OBJC_ISA_USAGE = YES_ERROR;
				CLANG_WARN_DOCUMENTATION_COMMENTS = YES;
				CLANG_WARN_EMPTY_BODY = YES;
				CLANG_WARN_ENUM_CONVERSION = YES;
				CLANG_WARN_INFINITE_RECURSION = YES;
				CLANG_WARN_INT_CONVERSION = YES;
				CLANG_WARN_NON_LITERAL_NULL_CONVERSION = YES;
				CLANG_WARN_OBJC_IMPLICIT_RETAIN_SELF = YES;
				CLANG_WARN_OBJC_LITERAL_CONVERSION = YES;
				CLANG_WARN_OBJC_ROOT_CLASS = YES_ERROR;
				CLANG_WARN_QUOTED_INCLUDE_IN_FRAMEWORK_HEADER = YES;
				CLANG_WARN_RANGE_LOOP_ANALYSIS = YES;
				CLANG_WARN_STRICT_PROTOTYPES = YES;
				CLANG_WARN_SUSPICIOUS_MOVE = YES;
				CLANG_WARN_UNGUARDED_AVAILABILITY = YES_AGGRESSIVE;
				CLANG_WARN_UNREACHABLE_CODE = YES;
				CLANG_WARN__DUPLICATE_METHOD_MATCH = YES;
				COPY_PHASE_STRIP = NO;
				DEBUG_INFORMATION_FORMAT = dwarf;
				ENABLE_STRICT_OBJC_MSGSEND = YES;
				ENABLE_TESTABILITY = YES;
				GCC_C_LANGUAGE_STANDARD = gnu11;
				GCC_DYNAMIC_NO_PIC = NO;
				GCC_NO_COMMON_BLOCKS = YES;
				GCC_OPTIMIZATION_LEVEL = 0;
				GCC_PREPROCESSOR_DEFINITIONS = (
					"DEBUG=1",
					"$(inherited)",
				);
				GCC_WARN_64_TO_32_BIT_CONVERSION = YES;
				GCC_WARN_ABOUT_RETURN_TYPE = YES_ERROR;
				GCC_WARN_UNDECLARED_SELECTOR = YES;
				GCC_WARN_UNINITIALIZED_AUTOS = YES_AGGRESSIVE;
				GCC_WARN_UNUSED_FUNCTION = YES;
				GCC_WARN_UNUSED_VARIABLE = YES;
				MACOSX_DEPLOYMENT_TARGET = 12.0;
				MTL_ENABLE_DEBUG_INFO = INCLUDE_SOURCE;
				MTL_FAST_MATH = YES;
				ONLY_ACTIVE_ARCH = YES;
				SDKROOT = macosx;
				SWIFT_ACTIVE_COMPILATION_CONDITIONS = DEBUG;
				SWIFT_OPTIMIZATION_LEVEL = "-Onone";
			};
			name = Debug;
		};
		59756B7A2732C5C8000D8752 /* Release */ = {
			isa = XCBuildConfiguration;
			buildSettings = {
				ALWAYS_SEARCH_USER_PATHS = NO;
				CLANG_ANALYZER_NONNULL = YES;
				CLANG_ANALYZER_NUMBER_OBJECT_CONVERSION = YES_AGGRESSIVE;
				CLANG_CXX_LANGUAGE_STANDARD = "gnu++17";
				CLANG_CXX_LIBRARY = "libc++";
				CLANG_ENABLE_MODULES = YES;
				CLANG_ENABLE_OBJC_ARC = YES;
				CLANG_ENABLE_OBJC_WEAK = YES;
				CLANG_WARN_BLOCK_CAPTURE_AUTORELEASING = YES;
				CLANG_WARN_BOOL_CONVERSION = YES;
				CLANG_WARN_COMMA = YES;
				CLANG_WARN_CONSTANT_CONVERSION = YES;
				CLANG_WARN_DEPRECATED_OBJC_IMPLEMENTATIONS = YES;
				CLANG_WARN_DIRECT_OBJC_ISA_USAGE = YES_ERROR;
				CLANG_WARN_DOCUMENTATION_COMMENTS = YES;
				CLANG_WARN_EMPTY_BODY = YES;
				CLANG_WARN_ENUM_CONVERSION = YES;
				CLANG_WARN_INFINITE_RECURSION = YES;
				CLANG_WARN_INT_CONVERSION = YES;
				CLANG_WARN_NON_LITERAL_NULL_CONVERSION = YES;
				CLANG_WARN_OBJC_IMPLICIT_RETAIN_SELF = YES;
				CLANG_WARN_OBJC_LITERAL_CONVERSION = YES;
				CLANG_WARN_OBJC_ROOT_CLASS = YES_ERROR;
				CLANG_WARN_QUOTED_INCLUDE_IN_FRAMEWORK_HEADER = YES;
				CLANG_WARN_RANGE_LOOP_ANALYSIS = YES;
				CLANG_WARN_STRICT_PROTOTYPES = YES;
				CLANG_WARN_SUSPICIOUS_MOVE = YES;
				CLANG_WARN_UNGUARDED_AVAILABILITY = YES_AGGRESSIVE;
				CLANG_WARN_UNREACHABLE_CODE = YES;
				CLANG_WARN__DUPLICATE_METHOD_MATCH = YES;
				COPY_PHASE_STRIP = NO;
				DEBUG_INFORMATION_FORMAT = "dwarf-with-dsym";
				ENABLE_NS_ASSERTIONS = NO;
				ENABLE_STRICT_OBJC_MSGSEND = YES;
				GCC_C_LANGUAGE_STANDARD = gnu11;
				GCC_NO_COMMON_BLOCKS = YES;
				GCC_WARN_64_TO_32_BIT_CONVERSION = YES;
				GCC_WARN_ABOUT_RETURN_TYPE = YES_ERROR;
				GCC_WARN_UNDECLARED_SELECTOR = YES;
				GCC_WARN_UNINITIALIZED_AUTOS = YES_AGGRESSIVE;
				GCC_WARN_UNUSED_FUNCTION = YES;
				GCC_WARN_UNUSED_VARIABLE = YES;
				MACOSX_DEPLOYMENT_TARGET = 12.0;
				MTL_ENABLE_DEBUG_INFO = NO;
				MTL_FAST_MATH = YES;
				SDKROOT = macosx;
				SWIFT_COMPILATION_MODE = wholemodule;
				SWIFT_OPTIMIZATION_LEVEL = "-O";
			};
			name = Release;
		};
		59756B7C2732C5C8000D8752 /* Debug */ = {
			isa = XCBuildConfiguration;
			buildSettings = {
				ASSETCATALOG_COMPILER_APPICON_NAME = AppIcon;
				ASSETCATALOG_COMPILER_GLOBAL_ACCENT_COLOR_NAME = AccentColor;
				CODE_SIGN_ENTITLEMENTS = RealModel/RealModel.entitlements;
				CODE_SIGN_STYLE = Automatic;
				COMBINE_HIDPI_IMAGES = YES;
				CURRENT_PROJECT_VERSION = 1;
				DEVELOPMENT_ASSET_PATHS = "\"RealModel/Preview Content\"";
				DEVELOPMENT_TEAM = QAWWZVREY3;
				ENABLE_HARDENED_RUNTIME = YES;
				ENABLE_PREVIEWS = YES;
				GENERATE_INFOPLIST_FILE = YES;
				INFOPLIST_KEY_NSHumanReadableCopyright = "";
				LD_RUNPATH_SEARCH_PATHS = (
					"$(inherited)",
					"@executable_path/../Frameworks",
				);
				MARKETING_VERSION = 1.0;
				PRODUCT_BUNDLE_IDENTIFIER = com.thoamsy.RealModel;
				PRODUCT_NAME = "$(TARGET_NAME)";
				SWIFT_EMIT_LOC_STRINGS = YES;
				SWIFT_VERSION = 5.0;
			};
			name = Debug;
		};
		59756B7D2732C5C8000D8752 /* Release */ = {
			isa = XCBuildConfiguration;
			buildSettings = {
				ASSETCATALOG_COMPILER_APPICON_NAME = AppIcon;
				ASSETCATALOG_COMPILER_GLOBAL_ACCENT_COLOR_NAME = AccentColor;
				CODE_SIGN_ENTITLEMENTS = RealModel/RealModel.entitlements;
				CODE_SIGN_STYLE = Automatic;
				COMBINE_HIDPI_IMAGES = YES;
				CURRENT_PROJECT_VERSION = 1;
				DEVELOPMENT_ASSET_PATHS = "\"RealModel/Preview Content\"";
				DEVELOPMENT_TEAM = QAWWZVREY3;
				ENABLE_HARDENED_RUNTIME = YES;
				ENABLE_PREVIEWS = YES;
				GENERATE_INFOPLIST_FILE = YES;
				INFOPLIST_KEY_NSHumanReadableCopyright = "";
				LD_RUNPATH_SEARCH_PATHS = (
					"$(inherited)",
					"@executable_path/../Frameworks",
				);
				MARKETING_VERSION = 1.0;
				PRODUCT_BUNDLE_IDENTIFIER = com.thoamsy.RealModel;
				PRODUCT_NAME = "$(TARGET_NAME)";
				SWIFT_EMIT_LOC_STRINGS = YES;
				SWIFT_VERSION = 5.0;
			};
			name = Release;
		};
/* End XCBuildConfiguration section */

/* Begin XCConfigurationList section */
		59756B672732C5C7000D8752 /* Build configuration list for PBXProject "RealModel" */ = {
			isa = XCConfigurationList;
			buildConfigurations = (
				59756B792732C5C8000D8752 /* Debug */,
				59756B7A2732C5C8000D8752 /* Release */,
			);
			defaultConfigurationIsVisible = 0;
			defaultConfigurationName = Release;
		};
		59756B7B2732C5C8000D8752 /* Build configuration list for PBXNativeTarget "RealModel" */ = {
			isa = XCConfigurationList;
			buildConfigurations = (
				59756B7C2732C5C8000D8752 /* Debug */,
				59756B7D2732C5C8000D8752 /* Release */,
			);
			defaultConfigurationIsVisible = 0;
			defaultConfigurationName = Release;
		};
/* End XCConfigurationList section */
	};
	rootObject = 59756B642732C5C7000D8752 /* Project object */;
}
